
Microsoft Visual Studio Solution File, Format Version 12.00
# Visual Studio Version 17
VisualStudioVersion = 17.5.33414.496
MinimumVisualStudioVersion = 10.0.40219.1
Project("{FAE04EC0-301F-11D3-BF4B-00C04F79EFBC}") = "IDA_C-sh_HomeWork_15 Movies database", "IDA_C-sh_HomeWork_15 Movies database\IDA_C-sh_HomeWork_15 Movies database.csproj", "{EE96046A-0BCB-4CFD-8831-66C440C6BB3B}"
EndProject
Global
	GlobalSection(SolutionConfigurationPlatforms) = preSolution
		Debug|Any CPU = Debug|Any CPU
		Release|Any CPU = Release|Any CPU
	EndGlobalSection
	GlobalSection(ProjectConfigurationPlatforms) = postSolution
		{EE96046A-0BCB-4CFD-8831-66C440C6BB3B}.Debug|Any CPU.ActiveCfg = Debug|Any CPU
		{EE96046A-0BCB-4CFD-8831-66C440C6BB3B}.Debug|Any CPU.Build.0 = Debug|Any CPU
		{EE96046A-0BCB-4CFD-8831-66C440C6BB3B}.Release|Any CPU.ActiveCfg = Release|Any CPU
		{EE96046A-0BCB-4CFD-8831-66C440C6BB3B}.Release|Any CPU.Build.0 = Release|Any CPU
	EndGlobalSection
	GlobalSection(SolutionProperties) = preSolution
		HideSolutionNode = FALSE
	EndGlobalSection
	GlobalSection(ExtensibilityGlobals) = postSolution
		SolutionGuid = {7FAE84C3-8D16-42EA-8410-9310A4C635CD}
	EndGlobalSection
EndGlobal
